
Microsoft Visual Studio Solution File, Format Version 12.00
# Visual Studio Version 17
VisualStudioVersion = 17.5.33516.290
MinimumVisualStudioVersion = 10.0.40219.1
Project("{FAE04EC0-301F-11D3-BF4B-00C04F79EFBC}") = "ConsoleApp4", "ConsoleApp4\ConsoleApp4.csproj", "{0F1C343A-2D1B-42F3-A48F-EC25B8A1730C}"
EndProject
Global
	GlobalSection(SolutionConfigurationPlatforms) = preSolution
		Debug|Any CPU = Debug|Any CPU
		Release|Any CPU = Release|Any CPU
	EndGlobalSection
	GlobalSection(ProjectConfigurationPlatforms) = postSolution
		{0F1C343A-2D1B-42F3-A48F-EC25B8A1730C}.Debug|Any CPU.ActiveCfg = Debug|Any CPU
		{0F1C343A-2D1B-42F3-A48F-EC25B8A1730C}.Debug|Any CPU.Build.0 = Debug|Any CPU
		{0F1C343A-2D1B-42F3-A48F-EC25B8A1730C}.Release|Any CPU.ActiveCfg = Release|Any CPU
		{0F1C343A-2D1B-42F3-A48F-EC25B8A1730C}.Release|Any CPU.Build.0 = Release|Any CPU
	EndGlobalSection
	GlobalSection(SolutionProperties) = preSolution
		HideSolutionNode = FALSE
	EndGlobalSection
	GlobalSection(ExtensibilityGlobals) = postSolution
		SolutionGuid = {6ED697AB-E85D-4F8D-A79C-1EAE3B3303C6}
	EndGlobalSection
EndGlobal
